
Microsoft Visual Studio Solution File, Format Version 12.00
# Visual Studio 15
VisualStudioVersion = 15.0.27428.2037
MinimumVisualStudioVersion = 10.0.40219.1
Project("{9A19103F-16F7-4668-BE54-9A1E7A4F7556}") = "QuickStartIdentityServer", "QuickStartIdentityServer\QuickStartIdentityServer.csproj", "{02D924D7-05DB-461F-9DC0-315CBFAE3C19}"
EndProject
Project("{FAE04EC0-301F-11D3-BF4B-00C04F79EFBC}") = "QuickStartAPI", "QuickStartAPI\QuickStartAPI.csproj", "{95A867FE-663F-42F3-9ED4-0F26F939F6BA}"
EndProject
Global
	GlobalSection(SolutionConfigurationPlatforms) = preSolution
		Debug|Any CPU = Debug|Any CPU
		Release|Any CPU = Release|Any CPU
	EndGlobalSection
	GlobalSection(ProjectConfigurationPlatforms) = postSolution
		{02D924D7-05DB-461F-9DC0-315CBFAE3C19}.Debug|Any CPU.ActiveCfg = Debug|Any CPU
		{02D924D7-05DB-461F-9DC0-315CBFAE3C19}.Debug|Any CPU.Build.0 = Debug|Any CPU
		{02D924D7-05DB-461F-9DC0-315CBFAE3C19}.Release|Any CPU.ActiveCfg = Release|Any CPU
		{02D924D7-05DB-461F-9DC0-315CBFAE3C19}.Release|Any CPU.Build.0 = Release|Any CPU
		{95A867FE-663F-42F3-9ED4-0F26F939F6BA}.Debug|Any CPU.ActiveCfg = Debug|Any CPU
		{95A867FE-663F-42F3-9ED4-0F26F939F6BA}.Debug|Any CPU.Build.0 = Debug|Any CPU
		{95A867FE-663F-42F3-9ED4-0F26F939F6BA}.Release|Any CPU.ActiveCfg = Release|Any CPU
		{95A867FE-663F-42F3-9ED4-0F26F939F6BA}.Release|Any CPU.Build.0 = Release|Any CPU
	EndGlobalSection
	GlobalSection(SolutionProperties) = preSolution
		HideSolutionNode = FALSE
	EndGlobalSection
	GlobalSection(ExtensibilityGlobals) = postSolution
		SolutionGuid = {31014716-536C-4DC4-B75E-084710D00023}
	EndGlobalSection
EndGlobal
